
Microsoft Visual Studio Solution File, Format Version 12.00
# Visual Studio Version 17
VisualStudioVersion = 17.7.34031.279
MinimumVisualStudioVersion = 10.0.40219.1
Project("{8BC9CEB8-8B4A-11D0-8D11-00A0C91BC942}") = "CBE_C3", "CBE_C1.vcxproj", "{06A45787-C2CB-4579-BCAB-85BFC66F9241}"
EndProject
Global
	GlobalSection(SolutionConfigurationPlatforms) = preSolution
		Debug|x64 = Debug|x64
		Release|x64 = Release|x64
	EndGlobalSection
	GlobalSection(ProjectConfigurationPlatforms) = postSolution
		{06A45787-C2CB-4579-BCAB-85BFC66F9241}.Debug|x64.ActiveCfg = Debug|x64
		{06A45787-C2CB-4579-BCAB-85BFC66F9241}.Debug|x64.Build.0 = Debug|x64
		{06A45787-C2CB-4579-BCAB-85BFC66F9241}.Release|x64.ActiveCfg = Release|x64
		{06A45787-C2CB-4579-BCAB-85BFC66F9241}.Release|x64.Build.0 = Release|x64
	EndGlobalSection
	GlobalSection(SolutionProperties) = preSolution
		HideSolutionNode = FALSE
	EndGlobalSection
	GlobalSection(ExtensibilityGlobals) = postSolution
		SolutionGuid = {69ABE26A-6DBF-4007-87AA-E19F4A5A85FC}
	EndGlobalSection
EndGlobal
