
Microsoft Visual Studio Solution File, Format Version 12.00
# Visual Studio Version 17
VisualStudioVersion = 17.7.34031.279
MinimumVisualStudioVersion = 10.0.40219.1
Project("{8BC9CEB8-8B4A-11D0-8D11-00A0C91BC942}") = "CBE_C10_STREAM", "CBE_C10_STREAM.vcxproj", "{8EB36875-ECE3-4AAB-B4B7-7DBBCC22884F}"
EndProject
Global
	GlobalSection(SolutionConfigurationPlatforms) = preSolution
		Debug|x64 = Debug|x64
		Release|x64 = Release|x64
	EndGlobalSection
	GlobalSection(ProjectConfigurationPlatforms) = postSolution
		{8EB36875-ECE3-4AAB-B4B7-7DBBCC22884F}.Debug|x64.ActiveCfg = Debug|x64
		{8EB36875-ECE3-4AAB-B4B7-7DBBCC22884F}.Debug|x64.Build.0 = Debug|x64
		{8EB36875-ECE3-4AAB-B4B7-7DBBCC22884F}.Release|x64.ActiveCfg = Release|x64
		{8EB36875-ECE3-4AAB-B4B7-7DBBCC22884F}.Release|x64.Build.0 = Release|x64
	EndGlobalSection
	GlobalSection(SolutionProperties) = preSolution
		HideSolutionNode = FALSE
	EndGlobalSection
	GlobalSection(ExtensibilityGlobals) = postSolution
		SolutionGuid = {3ED1D47E-197D-4509-8D48-1A9CA7F95588}
	EndGlobalSection
EndGlobal
